
Microsoft Visual Studio Solution File, Format Version 12.00
# Visual Studio 15
VisualStudioVersion = 15.0.33026.149
MinimumVisualStudioVersion = 10.0.40219.1
Project("{159641D6-6404-4A2A-AE62-294DE0FE8301}") = "ControlFlow1", "ControlFlow1\ControlFlow1.dtproj", "{D0B62AB8-EEE6-4A39-A40D-008A7EC41AD1}"
EndProject
Global
	GlobalSection(SolutionConfigurationPlatforms) = preSolution
		Development|Default = Development|Default
	EndGlobalSection
	GlobalSection(ProjectConfigurationPlatforms) = postSolution
		{D0B62AB8-EEE6-4A39-A40D-008A7EC41AD1}.Development|Default.ActiveCfg = Development
		{D0B62AB8-EEE6-4A39-A40D-008A7EC41AD1}.Development|Default.Build.0 = Development
	EndGlobalSection
	GlobalSection(SolutionProperties) = preSolution
		HideSolutionNode = FALSE
	EndGlobalSection
	GlobalSection(ExtensibilityGlobals) = postSolution
		SolutionGuid = {8A6FD1A2-3856-4B20-9FF9-449260CFC562}
	EndGlobalSection
EndGlobal
