
Microsoft Visual Studio Solution File, Format Version 12.00
# Visual Studio 15
VisualStudioVersion = 15.0.33026.149
MinimumVisualStudioVersion = 10.0.40219.1
Project("{159641D6-6404-4A2A-AE62-294DE0FE8301}") = "Excel_SQL", "Excel_SQL\Excel_SQL.dtproj", "{48FF2791-CD35-49F2-AC12-0AA29390E1D0}"
EndProject
Global
	GlobalSection(SolutionConfigurationPlatforms) = preSolution
		Development|Default = Development|Default
	EndGlobalSection
	GlobalSection(ProjectConfigurationPlatforms) = postSolution
		{48FF2791-CD35-49F2-AC12-0AA29390E1D0}.Development|Default.ActiveCfg = Development
		{48FF2791-CD35-49F2-AC12-0AA29390E1D0}.Development|Default.Build.0 = Development
	EndGlobalSection
	GlobalSection(SolutionProperties) = preSolution
		HideSolutionNode = FALSE
	EndGlobalSection
	GlobalSection(ExtensibilityGlobals) = postSolution
		SolutionGuid = {AD838FF9-C6F1-4615-9ED1-EE25A354EAF3}
	EndGlobalSection
EndGlobal
